
Microsoft Visual Studio Solution File, Format Version 12.00
# Visual Studio Version 17
VisualStudioVersion = 17.1.32421.90
MinimumVisualStudioVersion = 10.0.40219.1
Project("{FAE04EC0-301F-11D3-BF4B-00C04F79EFBC}") = "FoodMartMongo", "FoodMartMongo\FoodMartMongo.csproj", "{FC4D66BB-C682-4221-822F-B1AB6D2E8A8B}"
EndProject
Global
	GlobalSection(SolutionConfigurationPlatforms) = preSolution
		Debug|Any CPU = Debug|Any CPU
		Release|Any CPU = Release|Any CPU
	EndGlobalSection
	GlobalSection(ProjectConfigurationPlatforms) = postSolution
		{FC4D66BB-C682-4221-822F-B1AB6D2E8A8B}.Debug|Any CPU.ActiveCfg = Debug|Any CPU
		{FC4D66BB-C682-4221-822F-B1AB6D2E8A8B}.Debug|Any CPU.Build.0 = Debug|Any CPU
		{FC4D66BB-C682-4221-822F-B1AB6D2E8A8B}.Release|Any CPU.ActiveCfg = Release|Any CPU
		{FC4D66BB-C682-4221-822F-B1AB6D2E8A8B}.Release|Any CPU.Build.0 = Release|Any CPU
	EndGlobalSection
	GlobalSection(SolutionProperties) = preSolution
		HideSolutionNode = FALSE
	EndGlobalSection
	GlobalSection(ExtensibilityGlobals) = postSolution
		SolutionGuid = {360E3372-A998-44DB-AF34-BB5DAF2BC346}
	EndGlobalSection
EndGlobal
